
Microsoft Visual Studio Solution File, Format Version 12.00
# Visual Studio Version 17
VisualStudioVersion = 17.5.002.0
MinimumVisualStudioVersion = 10.0.40219.1
Project("{2150E333-8FDC-42A3-9474-1A3956D46DE8}") = "sandbox", "sandbox", "{EADA8B8A-CF08-4DB1-A662-4DFE5D74E719}"
EndProject
Project("{9A19103F-16F7-4668-BE54-9A1E7A4F7556}") = "sandbox_project", "sandbox\sandbox_project\sandbox_project.csproj", "{5914A8B4-2C87-4D35-8823-B7C849A46D7C}"
EndProject
Project("{2150E333-8FDC-42A3-9474-1A3956D46DE8}") = "week01", "week01", "{D622196C-D276-407C-9524-0D8312225A03}"
EndProject
Project("{9A19103F-16F7-4668-BE54-9A1E7A4F7556}") = "analyze", "week01\analyze\analyze.csproj", "{5D9A4C2C-8507-4B6D-99BB-30966F19ABCE}"
EndProject
Project("{9A19103F-16F7-4668-BE54-9A1E7A4F7556}") = "code", "week01\code\code.csproj", "{58CC5438-E8E4-4757-9460-F71BE148A814}"
EndProject
Project("{9A19103F-16F7-4668-BE54-9A1E7A4F7556}") = "teach", "week01\teach\teach.csproj", "{27C2E07A-AB8D-41B1-BCAF-B7DE1E86C085}"
EndProject
Project("{2150E333-8FDC-42A3-9474-1A3956D46DE8}") = "week02", "week02", "{39C7D35B-397D-45D1-B8D1-132D21978C2F}"
EndProject
Project("{9A19103F-16F7-4668-BE54-9A1E7A4F7556}") = "analyze", "week02\analyze\analyze.csproj", "{87CB41DF-8D2A-40A4-B5D6-E1D52B8FF3DE}"
EndProject
Project("{9A19103F-16F7-4668-BE54-9A1E7A4F7556}") = "code", "week02\code\code.csproj", "{1D1F1790-14B3-413E-8B85-114F0DCBD565}"
EndProject
Project("{9A19103F-16F7-4668-BE54-9A1E7A4F7556}") = "learn", "week02\learn\learn.csproj", "{945133EE-3382-4AD0-80B3-B84BB21D7418}"
EndProject
Project("{9A19103F-16F7-4668-BE54-9A1E7A4F7556}") = "teach", "week02\teach\teach.csproj", "{28BF10B6-5805-49D7-90A0-12895BE9DFE4}"
EndProject
Project("{2150E333-8FDC-42A3-9474-1A3956D46DE8}") = "week03", "week03", "{50A15D16-590B-40A4-9194-F568A83FFEB9}"
EndProject
Project("{9A19103F-16F7-4668-BE54-9A1E7A4F7556}") = "code", "week03\code\code.csproj", "{A062FE56-0C05-4591-89EB-1F7E63D57B4D}"
EndProject
Project("{9A19103F-16F7-4668-BE54-9A1E7A4F7556}") = "learn", "week03\learn\learn.csproj", "{42007002-74A8-47A0-AEC8-9090CA4FB5F8}"
EndProject
Project("{9A19103F-16F7-4668-BE54-9A1E7A4F7556}") = "teach", "week03\teach\teach.csproj", "{318303C7-01D3-4226-B102-C70060453BFF}"
EndProject
Project("{2150E333-8FDC-42A3-9474-1A3956D46DE8}") = "week04", "week04", "{4A323CAC-23CD-484F-A0E3-29F9CFB16AC5}"
EndProject
Project("{9A19103F-16F7-4668-BE54-9A1E7A4F7556}") = "code", "week04\code\code.csproj", "{B9A7E619-54C2-479C-9E86-1D39BC7763D9}"
EndProject
Project("{2150E333-8FDC-42A3-9474-1A3956D46DE8}") = "week05", "week05", "{6BBB88D0-B8AD-4927-9E42-2F681EA492DE}"
EndProject
Project("{9A19103F-16F7-4668-BE54-9A1E7A4F7556}") = "code", "week05\code\code.csproj", "{EEA9CBC2-389B-421D-9DB1-E28E57E89579}"
EndProject
Project("{2150E333-8FDC-42A3-9474-1A3956D46DE8}") = "week06", "week06", "{F01AE1F3-673E-4606-82C3-C36A4D37D646}"
EndProject
Project("{9A19103F-16F7-4668-BE54-9A1E7A4F7556}") = "code", "week06\code\code.csproj", "{90229555-BF14-4B9B-B396-86926262662E}"
EndProject
Global
	GlobalSection(SolutionConfigurationPlatforms) = preSolution
		Debug|Any CPU = Debug|Any CPU
		Release|Any CPU = Release|Any CPU
	EndGlobalSection
	GlobalSection(ProjectConfigurationPlatforms) = postSolution
		{5914A8B4-2C87-4D35-8823-B7C849A46D7C}.Debug|Any CPU.ActiveCfg = Debug|Any CPU
		{5914A8B4-2C87-4D35-8823-B7C849A46D7C}.Debug|Any CPU.Build.0 = Debug|Any CPU
		{5914A8B4-2C87-4D35-8823-B7C849A46D7C}.Release|Any CPU.ActiveCfg = Release|Any CPU
		{5914A8B4-2C87-4D35-8823-B7C849A46D7C}.Release|Any CPU.Build.0 = Release|Any CPU
		{5D9A4C2C-8507-4B6D-99BB-30966F19ABCE}.Debug|Any CPU.ActiveCfg = Debug|Any CPU
		{5D9A4C2C-8507-4B6D-99BB-30966F19ABCE}.Debug|Any CPU.Build.0 = Debug|Any CPU
		{5D9A4C2C-8507-4B6D-99BB-30966F19ABCE}.Release|Any CPU.ActiveCfg = Release|Any CPU
		{5D9A4C2C-8507-4B6D-99BB-30966F19ABCE}.Release|Any CPU.Build.0 = Release|Any CPU
		{58CC5438-E8E4-4757-9460-F71BE148A814}.Debug|Any CPU.ActiveCfg = Debug|Any CPU
		{58CC5438-E8E4-4757-9460-F71BE148A814}.Debug|Any CPU.Build.0 = Debug|Any CPU
		{58CC5438-E8E4-4757-9460-F71BE148A814}.Release|Any CPU.ActiveCfg = Release|Any CPU
		{58CC5438-E8E4-4757-9460-F71BE148A814}.Release|Any CPU.Build.0 = Release|Any CPU
		{27C2E07A-AB8D-41B1-BCAF-B7DE1E86C085}.Debug|Any CPU.ActiveCfg = Debug|Any CPU
		{27C2E07A-AB8D-41B1-BCAF-B7DE1E86C085}.Debug|Any CPU.Build.0 = Debug|Any CPU
		{27C2E07A-AB8D-41B1-BCAF-B7DE1E86C085}.Release|Any CPU.ActiveCfg = Release|Any CPU
		{27C2E07A-AB8D-41B1-BCAF-B7DE1E86C085}.Release|Any CPU.Build.0 = Release|Any CPU
		{87CB41DF-8D2A-40A4-B5D6-E1D52B8FF3DE}.Debug|Any CPU.ActiveCfg = Debug|Any CPU
		{87CB41DF-8D2A-40A4-B5D6-E1D52B8FF3DE}.Debug|Any CPU.Build.0 = Debug|Any CPU
		{87CB41DF-8D2A-40A4-B5D6-E1D52B8FF3DE}.Release|Any CPU.ActiveCfg = Release|Any CPU
		{87CB41DF-8D2A-40A4-B5D6-E1D52B8FF3DE}.Release|Any CPU.Build.0 = Release|Any CPU
		{1D1F1790-14B3-413E-8B85-114F0DCBD565}.Debug|Any CPU.ActiveCfg = Debug|Any CPU
		{1D1F1790-14B3-413E-8B85-114F0DCBD565}.Debug|Any CPU.Build.0 = Debug|Any CPU
		{1D1F1790-14B3-413E-8B85-114F0DCBD565}.Release|Any CPU.ActiveCfg = Release|Any CPU
		{1D1F1790-14B3-413E-8B85-114F0DCBD565}.Release|Any CPU.Build.0 = Release|Any CPU
		{945133EE-3382-4AD0-80B3-B84BB21D7418}.Debug|Any CPU.ActiveCfg = Debug|Any CPU
		{945133EE-3382-4AD0-80B3-B84BB21D7418}.Debug|Any CPU.Build.0 = Debug|Any CPU
		{945133EE-3382-4AD0-80B3-B84BB21D7418}.Release|Any CPU.ActiveCfg = Release|Any CPU
		{945133EE-3382-4AD0-80B3-B84BB21D7418}.Release|Any CPU.Build.0 = Release|Any CPU
		{28BF10B6-5805-49D7-90A0-12895BE9DFE4}.Debug|Any CPU.ActiveCfg = Debug|Any CPU
		{28BF10B6-5805-49D7-90A0-12895BE9DFE4}.Debug|Any CPU.Build.0 = Debug|Any CPU
		{28BF10B6-5805-49D7-90A0-12895BE9DFE4}.Release|Any CPU.ActiveCfg = Release|Any CPU
		{28BF10B6-5805-49D7-90A0-12895BE9DFE4}.Release|Any CPU.Build.0 = Release|Any CPU
		{A062FE56-0C05-4591-89EB-1F7E63D57B4D}.Debug|Any CPU.ActiveCfg = Debug|Any CPU
		{A062FE56-0C05-4591-89EB-1F7E63D57B4D}.Debug|Any CPU.Build.0 = Debug|Any CPU
		{A062FE56-0C05-4591-89EB-1F7E63D57B4D}.Release|Any CPU.ActiveCfg = Release|Any CPU
		{A062FE56-0C05-4591-89EB-1F7E63D57B4D}.Release|Any CPU.Build.0 = Release|Any CPU
		{42007002-74A8-47A0-AEC8-9090CA4FB5F8}.Debug|Any CPU.ActiveCfg = Debug|Any CPU
		{42007002-74A8-47A0-AEC8-9090CA4FB5F8}.Debug|Any CPU.Build.0 = Debug|Any CPU
		{42007002-74A8-47A0-AEC8-9090CA4FB5F8}.Release|Any CPU.ActiveCfg = Release|Any CPU
		{42007002-74A8-47A0-AEC8-9090CA4FB5F8}.Release|Any CPU.Build.0 = Release|Any CPU
		{318303C7-01D3-4226-B102-C70060453BFF}.Debug|Any CPU.ActiveCfg = Debug|Any CPU
		{318303C7-01D3-4226-B102-C70060453BFF}.Debug|Any CPU.Build.0 = Debug|Any CPU
		{318303C7-01D3-4226-B102-C70060453BFF}.Release|Any CPU.ActiveCfg = Release|Any CPU
		{318303C7-01D3-4226-B102-C70060453BFF}.Release|Any CPU.Build.0 = Release|Any CPU
		{B9A7E619-54C2-479C-9E86-1D39BC7763D9}.Debug|Any CPU.ActiveCfg = Debug|Any CPU
		{B9A7E619-54C2-479C-9E86-1D39BC7763D9}.Debug|Any CPU.Build.0 = Debug|Any CPU
		{B9A7E619-54C2-479C-9E86-1D39BC7763D9}.Release|Any CPU.ActiveCfg = Release|Any CPU
		{B9A7E619-54C2-479C-9E86-1D39BC7763D9}.Release|Any CPU.Build.0 = Release|Any CPU
		{EEA9CBC2-389B-421D-9DB1-E28E57E89579}.Debug|Any CPU.ActiveCfg = Debug|Any CPU
		{EEA9CBC2-389B-421D-9DB1-E28E57E89579}.Debug|Any CPU.Build.0 = Debug|Any CPU
		{EEA9CBC2-389B-421D-9DB1-E28E57E89579}.Release|Any CPU.ActiveCfg = Release|Any CPU
		{EEA9CBC2-389B-421D-9DB1-E28E57E89579}.Release|Any CPU.Build.0 = Release|Any CPU
		{90229555-BF14-4B9B-B396-86926262662E}.Debug|Any CPU.ActiveCfg = Debug|Any CPU
		{90229555-BF14-4B9B-B396-86926262662E}.Debug|Any CPU.Build.0 = Debug|Any CPU
		{90229555-BF14-4B9B-B396-86926262662E}.Release|Any CPU.ActiveCfg = Release|Any CPU
		{90229555-BF14-4B9B-B396-86926262662E}.Release|Any CPU.Build.0 = Release|Any CPU
	EndGlobalSection
	GlobalSection(SolutionProperties) = preSolution
		HideSolutionNode = FALSE
	EndGlobalSection
	GlobalSection(NestedProjects) = preSolution
		{5914A8B4-2C87-4D35-8823-B7C849A46D7C} = {EADA8B8A-CF08-4DB1-A662-4DFE5D74E719}
		{5D9A4C2C-8507-4B6D-99BB-30966F19ABCE} = {D622196C-D276-407C-9524-0D8312225A03}
		{58CC5438-E8E4-4757-9460-F71BE148A814} = {D622196C-D276-407C-9524-0D8312225A03}
		{27C2E07A-AB8D-41B1-BCAF-B7DE1E86C085} = {D622196C-D276-407C-9524-0D8312225A03}
		{87CB41DF-8D2A-40A4-B5D6-E1D52B8FF3DE} = {39C7D35B-397D-45D1-B8D1-132D21978C2F}
		{1D1F1790-14B3-413E-8B85-114F0DCBD565} = {39C7D35B-397D-45D1-B8D1-132D21978C2F}
		{945133EE-3382-4AD0-80B3-B84BB21D7418} = {39C7D35B-397D-45D1-B8D1-132D21978C2F}
		{28BF10B6-5805-49D7-90A0-12895BE9DFE4} = {39C7D35B-397D-45D1-B8D1-132D21978C2F}
		{A062FE56-0C05-4591-89EB-1F7E63D57B4D} = {50A15D16-590B-40A4-9194-F568A83FFEB9}
		{42007002-74A8-47A0-AEC8-9090CA4FB5F8} = {50A15D16-590B-40A4-9194-F568A83FFEB9}
		{318303C7-01D3-4226-B102-C70060453BFF} = {50A15D16-590B-40A4-9194-F568A83FFEB9}
		{B9A7E619-54C2-479C-9E86-1D39BC7763D9} = {4A323CAC-23CD-484F-A0E3-29F9CFB16AC5}
		{EEA9CBC2-389B-421D-9DB1-E28E57E89579} = {6BBB88D0-B8AD-4927-9E42-2F681EA492DE}
		{90229555-BF14-4B9B-B396-86926262662E} = {F01AE1F3-673E-4606-82C3-C36A4D37D646}
	EndGlobalSection
	GlobalSection(ExtensibilityGlobals) = postSolution
		SolutionGuid = {874565DE-0191-4FDB-AD87-AE0C4BFDF075}
	EndGlobalSection
EndGlobal
